
Microsoft Visual Studio Solution File, Format Version 12.00
# Visual Studio Version 17
VisualStudioVersion = 17.5.002.0
MinimumVisualStudioVersion = 10.0.40219.1
Project("{2150E333-8FDC-42A3-9474-1A3956D46DE8}") = "sandbox", "sandbox", "{2C2158AC-02FA-4D43-8C60-2A9785B106DE}"
EndProject
Project("{9A19103F-16F7-4668-BE54-9A1E7A4F7556}") = "sandbox_project", "sandbox\sandbox_project\sandbox_project.csproj", "{E384D7F7-44FC-4884-87A5-F060BB62840E}"
EndProject
Project("{2150E333-8FDC-42A3-9474-1A3956D46DE8}") = "week01", "week01", "{205F22EA-EEE6-4A08-92BB-F969E206C323}"
EndProject
Project("{9A19103F-16F7-4668-BE54-9A1E7A4F7556}") = "analyze", "week01\analyze\analyze.csproj", "{8C6D752F-D8D8-4260-B42F-66CE72BED0FB}"
EndProject
Project("{9A19103F-16F7-4668-BE54-9A1E7A4F7556}") = "code", "week01\code\code.csproj", "{494F5E57-6AAD-46C2-8D56-B85B654F5D1F}"
EndProject
Project("{9A19103F-16F7-4668-BE54-9A1E7A4F7556}") = "teach", "week01\teach\teach.csproj", "{28690259-9E34-4410-8F67-DCBF4460DAEC}"
EndProject
Project("{2150E333-8FDC-42A3-9474-1A3956D46DE8}") = "week02", "week02", "{B74015C2-5D8E-4AB6-BC72-11481791C4D5}"
EndProject
Project("{9A19103F-16F7-4668-BE54-9A1E7A4F7556}") = "analyze", "week02\analyze\analyze.csproj", "{B880249D-C35A-4329-A013-305BD21EC6C9}"
EndProject
Project("{9A19103F-16F7-4668-BE54-9A1E7A4F7556}") = "code", "week02\code\code.csproj", "{5CFB40B1-3FCE-4DF8-BDE5-7D768F82CBFC}"
EndProject
Project("{9A19103F-16F7-4668-BE54-9A1E7A4F7556}") = "learn", "week02\learn\learn.csproj", "{E3930B73-52BB-4016-9B99-B180E5AFF13F}"
EndProject
Project("{9A19103F-16F7-4668-BE54-9A1E7A4F7556}") = "teach", "week02\teach\teach.csproj", "{E9F5247C-78B3-439F-8A56-621DCB3079B8}"
EndProject
Project("{2150E333-8FDC-42A3-9474-1A3956D46DE8}") = "week03", "week03", "{F915B1E4-65CC-48DB-A5D2-71500D20DBAC}"
EndProject
Project("{9A19103F-16F7-4668-BE54-9A1E7A4F7556}") = "code", "week03\code\code.csproj", "{429F29A8-4FBD-4866-BE57-3E5C9BD8A3BD}"
EndProject
Project("{9A19103F-16F7-4668-BE54-9A1E7A4F7556}") = "learn", "week03\learn\learn.csproj", "{3225D055-1533-4DE4-8426-A53FD0BDDBBB}"
EndProject
Project("{9A19103F-16F7-4668-BE54-9A1E7A4F7556}") = "teach", "week03\teach\teach.csproj", "{1092F8E1-F899-4132-8387-6718EA1C57F8}"
EndProject
Project("{2150E333-8FDC-42A3-9474-1A3956D46DE8}") = "week04", "week04", "{0948FFE2-1ED9-49AF-AA45-D52DD2882E52}"
EndProject
Project("{9A19103F-16F7-4668-BE54-9A1E7A4F7556}") = "code", "week04\code\code.csproj", "{8768E49E-CACD-4D54-9358-B8E2A5C6BB0E}"
EndProject
Project("{2150E333-8FDC-42A3-9474-1A3956D46DE8}") = "week05", "week05", "{2A762BD2-4312-444B-AB68-6164EF28D5BB}"
EndProject
Project("{9A19103F-16F7-4668-BE54-9A1E7A4F7556}") = "code", "week05\code\code.csproj", "{B7032381-9217-4BFB-9D02-8A718401FD75}"
EndProject
Project("{2150E333-8FDC-42A3-9474-1A3956D46DE8}") = "week06", "week06", "{F342E8F9-48B8-4E92-AD86-69D67B433B3D}"
EndProject
Project("{9A19103F-16F7-4668-BE54-9A1E7A4F7556}") = "code", "week06\code\code.csproj", "{C8BDACE5-4997-4161-84E9-D582DB69C263}"
EndProject
Global
	GlobalSection(SolutionConfigurationPlatforms) = preSolution
		Debug|Any CPU = Debug|Any CPU
		Release|Any CPU = Release|Any CPU
	EndGlobalSection
	GlobalSection(ProjectConfigurationPlatforms) = postSolution
		{E384D7F7-44FC-4884-87A5-F060BB62840E}.Debug|Any CPU.ActiveCfg = Debug|Any CPU
		{E384D7F7-44FC-4884-87A5-F060BB62840E}.Debug|Any CPU.Build.0 = Debug|Any CPU
		{E384D7F7-44FC-4884-87A5-F060BB62840E}.Release|Any CPU.ActiveCfg = Release|Any CPU
		{E384D7F7-44FC-4884-87A5-F060BB62840E}.Release|Any CPU.Build.0 = Release|Any CPU
		{8C6D752F-D8D8-4260-B42F-66CE72BED0FB}.Debug|Any CPU.ActiveCfg = Debug|Any CPU
		{8C6D752F-D8D8-4260-B42F-66CE72BED0FB}.Debug|Any CPU.Build.0 = Debug|Any CPU
		{8C6D752F-D8D8-4260-B42F-66CE72BED0FB}.Release|Any CPU.ActiveCfg = Release|Any CPU
		{8C6D752F-D8D8-4260-B42F-66CE72BED0FB}.Release|Any CPU.Build.0 = Release|Any CPU
		{494F5E57-6AAD-46C2-8D56-B85B654F5D1F}.Debug|Any CPU.ActiveCfg = Debug|Any CPU
		{494F5E57-6AAD-46C2-8D56-B85B654F5D1F}.Debug|Any CPU.Build.0 = Debug|Any CPU
		{494F5E57-6AAD-46C2-8D56-B85B654F5D1F}.Release|Any CPU.ActiveCfg = Release|Any CPU
		{494F5E57-6AAD-46C2-8D56-B85B654F5D1F}.Release|Any CPU.Build.0 = Release|Any CPU
		{28690259-9E34-4410-8F67-DCBF4460DAEC}.Debug|Any CPU.ActiveCfg = Debug|Any CPU
		{28690259-9E34-4410-8F67-DCBF4460DAEC}.Debug|Any CPU.Build.0 = Debug|Any CPU
		{28690259-9E34-4410-8F67-DCBF4460DAEC}.Release|Any CPU.ActiveCfg = Release|Any CPU
		{28690259-9E34-4410-8F67-DCBF4460DAEC}.Release|Any CPU.Build.0 = Release|Any CPU
		{B880249D-C35A-4329-A013-305BD21EC6C9}.Debug|Any CPU.ActiveCfg = Debug|Any CPU
		{B880249D-C35A-4329-A013-305BD21EC6C9}.Debug|Any CPU.Build.0 = Debug|Any CPU
		{B880249D-C35A-4329-A013-305BD21EC6C9}.Release|Any CPU.ActiveCfg = Release|Any CPU
		{B880249D-C35A-4329-A013-305BD21EC6C9}.Release|Any CPU.Build.0 = Release|Any CPU
		{5CFB40B1-3FCE-4DF8-BDE5-7D768F82CBFC}.Debug|Any CPU.ActiveCfg = Debug|Any CPU
		{5CFB40B1-3FCE-4DF8-BDE5-7D768F82CBFC}.Debug|Any CPU.Build.0 = Debug|Any CPU
		{5CFB40B1-3FCE-4DF8-BDE5-7D768F82CBFC}.Release|Any CPU.ActiveCfg = Release|Any CPU
		{5CFB40B1-3FCE-4DF8-BDE5-7D768F82CBFC}.Release|Any CPU.Build.0 = Release|Any CPU
		{E3930B73-52BB-4016-9B99-B180E5AFF13F}.Debug|Any CPU.ActiveCfg = Debug|Any CPU
		{E3930B73-52BB-4016-9B99-B180E5AFF13F}.Debug|Any CPU.Build.0 = Debug|Any CPU
		{E3930B73-52BB-4016-9B99-B180E5AFF13F}.Release|Any CPU.ActiveCfg = Release|Any CPU
		{E3930B73-52BB-4016-9B99-B180E5AFF13F}.Release|Any CPU.Build.0 = Release|Any CPU
		{E9F5247C-78B3-439F-8A56-621DCB3079B8}.Debug|Any CPU.ActiveCfg = Debug|Any CPU
		{E9F5247C-78B3-439F-8A56-621DCB3079B8}.Debug|Any CPU.Build.0 = Debug|Any CPU
		{E9F5247C-78B3-439F-8A56-621DCB3079B8}.Release|Any CPU.ActiveCfg = Release|Any CPU
		{E9F5247C-78B3-439F-8A56-621DCB3079B8}.Release|Any CPU.Build.0 = Release|Any CPU
		{429F29A8-4FBD-4866-BE57-3E5C9BD8A3BD}.Debug|Any CPU.ActiveCfg = Debug|Any CPU
		{429F29A8-4FBD-4866-BE57-3E5C9BD8A3BD}.Debug|Any CPU.Build.0 = Debug|Any CPU
		{429F29A8-4FBD-4866-BE57-3E5C9BD8A3BD}.Release|Any CPU.ActiveCfg = Release|Any CPU
		{429F29A8-4FBD-4866-BE57-3E5C9BD8A3BD}.Release|Any CPU.Build.0 = Release|Any CPU
		{3225D055-1533-4DE4-8426-A53FD0BDDBBB}.Debug|Any CPU.ActiveCfg = Debug|Any CPU
		{3225D055-1533-4DE4-8426-A53FD0BDDBBB}.Debug|Any CPU.Build.0 = Debug|Any CPU
		{3225D055-1533-4DE4-8426-A53FD0BDDBBB}.Release|Any CPU.ActiveCfg = Release|Any CPU
		{3225D055-1533-4DE4-8426-A53FD0BDDBBB}.Release|Any CPU.Build.0 = Release|Any CPU
		{1092F8E1-F899-4132-8387-6718EA1C57F8}.Debug|Any CPU.ActiveCfg = Debug|Any CPU
		{1092F8E1-F899-4132-8387-6718EA1C57F8}.Debug|Any CPU.Build.0 = Debug|Any CPU
		{1092F8E1-F899-4132-8387-6718EA1C57F8}.Release|Any CPU.ActiveCfg = Release|Any CPU
		{1092F8E1-F899-4132-8387-6718EA1C57F8}.Release|Any CPU.Build.0 = Release|Any CPU
		{8768E49E-CACD-4D54-9358-B8E2A5C6BB0E}.Debug|Any CPU.ActiveCfg = Debug|Any CPU
		{8768E49E-CACD-4D54-9358-B8E2A5C6BB0E}.Debug|Any CPU.Build.0 = Debug|Any CPU
		{8768E49E-CACD-4D54-9358-B8E2A5C6BB0E}.Release|Any CPU.ActiveCfg = Release|Any CPU
		{8768E49E-CACD-4D54-9358-B8E2A5C6BB0E}.Release|Any CPU.Build.0 = Release|Any CPU
		{B7032381-9217-4BFB-9D02-8A718401FD75}.Debug|Any CPU.ActiveCfg = Debug|Any CPU
		{B7032381-9217-4BFB-9D02-8A718401FD75}.Debug|Any CPU.Build.0 = Debug|Any CPU
		{B7032381-9217-4BFB-9D02-8A718401FD75}.Release|Any CPU.ActiveCfg = Release|Any CPU
		{B7032381-9217-4BFB-9D02-8A718401FD75}.Release|Any CPU.Build.0 = Release|Any CPU
		{C8BDACE5-4997-4161-84E9-D582DB69C263}.Debug|Any CPU.ActiveCfg = Debug|Any CPU
		{C8BDACE5-4997-4161-84E9-D582DB69C263}.Debug|Any CPU.Build.0 = Debug|Any CPU
		{C8BDACE5-4997-4161-84E9-D582DB69C263}.Release|Any CPU.ActiveCfg = Release|Any CPU
		{C8BDACE5-4997-4161-84E9-D582DB69C263}.Release|Any CPU.Build.0 = Release|Any CPU
	EndGlobalSection
	GlobalSection(SolutionProperties) = preSolution
		HideSolutionNode = FALSE
	EndGlobalSection
	GlobalSection(NestedProjects) = preSolution
		{E384D7F7-44FC-4884-87A5-F060BB62840E} = {2C2158AC-02FA-4D43-8C60-2A9785B106DE}
		{8C6D752F-D8D8-4260-B42F-66CE72BED0FB} = {205F22EA-EEE6-4A08-92BB-F969E206C323}
		{494F5E57-6AAD-46C2-8D56-B85B654F5D1F} = {205F22EA-EEE6-4A08-92BB-F969E206C323}
		{28690259-9E34-4410-8F67-DCBF4460DAEC} = {205F22EA-EEE6-4A08-92BB-F969E206C323}
		{B880249D-C35A-4329-A013-305BD21EC6C9} = {B74015C2-5D8E-4AB6-BC72-11481791C4D5}
		{5CFB40B1-3FCE-4DF8-BDE5-7D768F82CBFC} = {B74015C2-5D8E-4AB6-BC72-11481791C4D5}
		{E3930B73-52BB-4016-9B99-B180E5AFF13F} = {B74015C2-5D8E-4AB6-BC72-11481791C4D5}
		{E9F5247C-78B3-439F-8A56-621DCB3079B8} = {B74015C2-5D8E-4AB6-BC72-11481791C4D5}
		{429F29A8-4FBD-4866-BE57-3E5C9BD8A3BD} = {F915B1E4-65CC-48DB-A5D2-71500D20DBAC}
		{3225D055-1533-4DE4-8426-A53FD0BDDBBB} = {F915B1E4-65CC-48DB-A5D2-71500D20DBAC}
		{1092F8E1-F899-4132-8387-6718EA1C57F8} = {F915B1E4-65CC-48DB-A5D2-71500D20DBAC}
		{8768E49E-CACD-4D54-9358-B8E2A5C6BB0E} = {0948FFE2-1ED9-49AF-AA45-D52DD2882E52}
		{B7032381-9217-4BFB-9D02-8A718401FD75} = {2A762BD2-4312-444B-AB68-6164EF28D5BB}
		{C8BDACE5-4997-4161-84E9-D582DB69C263} = {F342E8F9-48B8-4E92-AD86-69D67B433B3D}
	EndGlobalSection
	GlobalSection(ExtensibilityGlobals) = postSolution
		SolutionGuid = {1CBB5ADB-B027-4424-BCC1-8FF8E8315F53}
	EndGlobalSection
EndGlobal
